{
  "nodes": {
    "nix-ada": {
      "inputs": {
        "nixpkgs": "nixpkgs"
      },
      "locked": {
        "lastModified": 1720211624,
        "narHash": "sha256-N9OXsy7E9o9r7gViqfL7w1GRibZlDZ8zJpzs7BSFptg=",
        "owner": "andrewathalye",
        "repo": "nix-ada",
        "rev": "9b3626e95746398dd7b91b9ed1d17663863d73eb",
        "type": "github"
      },
      "original": {
        "owner": "andrewathalye",
        "ref": "v1.3.1",
        "repo": "nix-ada",
        "type": "github"
      }
    },
    "nixpkgs": {
      "locked": {
        "lastModified": 1718208800,
        "narHash": "sha256-US1tAChvPxT52RV8GksWZS415tTS7PV42KTc2PNDBmc=",
        "owner": "NixOS",
        "repo": "nixpkgs",
        "rev": "cc54fb41d13736e92229c21627ea4f22199fee6b",
        "type": "github"
      },
      "original": {
        "owner": "NixOS",
        "repo": "nixpkgs",
        "rev": "cc54fb41d13736e92229c21627ea4f22199fee6b",
        "type": "github"
      }
    },
    "root": {
      "inputs": {
        "nix-ada": "nix-ada"
      }
    }
  },
  "root": "root",
  "version": 7
}
